
Microsoft Visual Studio Solution File, Format Version 12.00
# Visual Studio Version 16
VisualStudioVersion = 16.0.30524.135
MinimumVisualStudioVersion = 10.0.40219.1
Project("{9A19103F-16F7-4668-BE54-9A1E7A4F7556}") = "AoC 2020", "AoC 2020\AoC 2020.csproj", "{42D76C57-D843-470C-ABDF-340F9AC26D58}"
EndProject
Project("{FAE04EC0-301F-11D3-BF4B-00C04F79EFBC}") = "AoC 2020.Days", "AoC 2020.Days\AoC 2020.Days.csproj", "{6B0D8479-C4BC-482B-B764-3546613D43B9}"
EndProject
Global
	GlobalSection(SolutionConfigurationPlatforms) = preSolution
		Debug|Any CPU = Debug|Any CPU
		Release|Any CPU = Release|Any CPU
	EndGlobalSection
	GlobalSection(ProjectConfigurationPlatforms) = postSolution
		{42D76C57-D843-470C-ABDF-340F9AC26D58}.Debug|Any CPU.ActiveCfg = Debug|Any CPU
		{42D76C57-D843-470C-ABDF-340F9AC26D58}.Debug|Any CPU.Build.0 = Debug|Any CPU
		{42D76C57-D843-470C-ABDF-340F9AC26D58}.Release|Any CPU.ActiveCfg = Release|Any CPU
		{42D76C57-D843-470C-ABDF-340F9AC26D58}.Release|Any CPU.Build.0 = Release|Any CPU
		{6B0D8479-C4BC-482B-B764-3546613D43B9}.Debug|Any CPU.ActiveCfg = Debug|Any CPU
		{6B0D8479-C4BC-482B-B764-3546613D43B9}.Debug|Any CPU.Build.0 = Debug|Any CPU
		{6B0D8479-C4BC-482B-B764-3546613D43B9}.Release|Any CPU.ActiveCfg = Release|Any CPU
		{6B0D8479-C4BC-482B-B764-3546613D43B9}.Release|Any CPU.Build.0 = Release|Any CPU
	EndGlobalSection
	GlobalSection(SolutionProperties) = preSolution
		HideSolutionNode = FALSE
	EndGlobalSection
	GlobalSection(ExtensibilityGlobals) = postSolution
		SolutionGuid = {2C8BE582-4700-44F0-ACD6-5A97821B0225}
	EndGlobalSection
EndGlobal
